lockfileVersion: '9.0'

settings:
  autoInstallPeers: true
  excludeLinksFromLockfile: false

importers:

  .:
    dependencies:
      '@agentclientprotocol/sdk':
        specifier: 0.19.0
        version: 0.19.0(zod@4.3.6)

packages:

  '@agentclientprotocol/sdk@0.19.0':
    resolution: {integrity: sha512-U9I8ws9WTOk6jCBAWpXefGSDgVXn14/kV6HFzwWGcstQ02mOQgClMAROHmoIn9GqZbDBDEOkdIbP4P4TEMQdug==}
    peerDependencies:
      zod: ^3.25.0 || ^4.0.0

  zod@4.3.6:
    resolution: {integrity: sha512-rftlrkhHZOcjDwkGlnUtZZkvaPHCsDATp4pGpuOOMDaTdDDXF91wuVDJoWoPsKX/3YPQ5fHuF3STjcYyKr+Qhg==}

snapshots:

  '@agentclientprotocol/sdk@0.19.0(zod@4.3.6)':
    dependencies:
      zod: 4.3.6

  zod@4.3.6: {}
